
Microsoft Visual Studio Solution File, Format Version 12.00
# Visual Studio 15
VisualStudioVersion = 15.0.28307.168
MinimumVisualStudioVersion = 10.0.40219.1
Project("{FAE04EC0-301F-11D3-BF4B-00C04F79EFBC}") = "Ashwinder_week_04", "Ashwinder_week_04\Ashwinder_week_04.csproj", "{E1117042-E73D-4205-BCAC-89608D9FA3F4}"
EndProject
Global
	GlobalSection(SolutionConfigurationPlatforms) = preSolution
		Debug|Any CPU = Debug|Any CPU
		Release|Any CPU = Release|Any CPU
	EndGlobalSection
	GlobalSection(ProjectConfigurationPlatforms) = postSolution
		{E1117042-E73D-4205-BCAC-89608D9FA3F4}.Debug|Any CPU.ActiveCfg = Debug|Any CPU
		{E1117042-E73D-4205-BCAC-89608D9FA3F4}.Debug|Any CPU.Build.0 = Debug|Any CPU
		{E1117042-E73D-4205-BCAC-89608D9FA3F4}.Release|Any CPU.ActiveCfg = Release|Any CPU
		{E1117042-E73D-4205-BCAC-89608D9FA3F4}.Release|Any CPU.Build.0 = Release|Any CPU
	EndGlobalSection
	GlobalSection(SolutionProperties) = preSolution
		HideSolutionNode = FALSE
	EndGlobalSection
	GlobalSection(ExtensibilityGlobals) = postSolution
		SolutionGuid = {007C6FDB-7B70-4306-A216-9C488C05A19D}
	EndGlobalSection
EndGlobal
